// !$*UTF8*$!
{
	archiveVersion = 1;
	classes = {
	};
	objectVersion = 52;
	objects = {

/* Begin PBXBuildFile section */
		CD8F9D3226E92A9D0058AE24 /* main.swift in Sources */ = {isa = PBXBuildFile; fileRef = CD8F9D3126E92A9D0058AE24 /* main.swift */; };
		CD8F9D3A26E92AF60058AE24 /* ArgumentParser in Frameworks */ = {isa = PBXBuildFile; productRef = CD8F9D3926E92AF60058AE24 /* ArgumentParser */; };
		CD8FACF426ED0BC700DF88DA /* MarkdownChildrenKit in Frameworks */ = {isa = PBXBuildFile; productRef = CD8FACF326ED0BC700DF88DA /* MarkdownChildrenKit */; };
/* End PBXBuildFile section */

/* Begin PBXCopyFilesBuildPhase section */
		CD8F9D2C26E92A9D0058AE24 /* CopyFiles */ = {
			isa = PBXCopyFilesBuildPhase;
			buildActionMask = 2147483647;
			dstPath = /usr/share/man/man1/;
			dstSubfolderSpec = 0;
			files = (
			);
			runOnlyForDeploymentPostprocessing = 1;
		};
/* End PBXCopyFilesBuildPhase section */

/* Begin PBXFileReference section */
		CD8F9D2E26E92A9D0058AE24 /* MarkdownChildren */ = {isa = PBXFileReference; explicitFileType = "compiled.mach-o.executable"; includeInIndex = 0; path = MarkdownChildren; sourceTree = BUILT_PRODUCTS_DIR; };
		CD8F9D3126E92A9D0058AE24 /* main.swift */ = {isa = PBXFileReference; lastKnownFileType = sourcecode.swift; path = main.swift; sourceTree = "<group>"; };
		CD8FACF526ED24A100DF88DA /* README.md */ = {isa = PBXFileReference; lastKnownFileType = net.daringfireball.markdown; path = README.md; sourceTree = "<group>"; };
/* End PBXFileReference section */

/* Begin PBXFrameworksBuildPhase section */
		CD8F9D2B26E92A9D0058AE24 /* Frameworks */ = {
			isa = PBXFrameworksBuildPhase;
			buildActionMask = 2147483647;
			files = (
				CD8F9D3A26E92AF60058AE24 /* ArgumentParser in Frameworks */,
				CD8FACF426ED0BC700DF88DA /* MarkdownChildrenKit in Frameworks */,
			);
			runOnlyForDeploymentPostprocessing = 0;
		};
/* End PBXFrameworksBuildPhase section */

/* Begin PBXGroup section */
		CD8F9D2526E92A9D0058AE24 = {
			isa = PBXGroup;
			children = (
				CD8FACF526ED24A100DF88DA /* README.md */,
				CD8F9D3026E92A9D0058AE24 /* MarkdownChildren */,
				CD8F9D2F26E92A9D0058AE24 /* Products */,
				CD8F9D5426EA391E0058AE24 /* Frameworks */,
			);
			sourceTree = "<group>";
		};
		CD8F9D2F26E92A9D0058AE24 /* Products */ = {
			isa = PBXGroup;
			children = (
				CD8F9D2E26E92A9D0058AE24 /* MarkdownChildren */,
			);
			name = Products;
			sourceTree = "<group>";
		};
		CD8F9D3026E92A9D0058AE24 /* MarkdownChildren */ = {
			isa = PBXGroup;
			children = (
				CD8F9D3126E92A9D0058AE24 /* main.swift */,
			);
			path = MarkdownChildren;
			sourceTree = "<group>";
		};
		CD8F9D5426EA391E0058AE24 /* Frameworks */ = {
			isa = PBXGroup;
			children = (
			);
			name = Frameworks;
			sourceTree = "<group>";
		};
/* End PBXGroup section */

/* Begin PBXNativeTarget section */
		CD8F9D2D26E92A9D0058AE24 /* MarkdownChildren */ = {
			isa = PBXNativeTarget;
			buildConfigurationList = CD8F9D3526E92A9D0058AE24 /* Build configuration list for PBXNativeTarget "MarkdownChildren" */;
			buildPhases = (
				CD8F9D2A26E92A9D0058AE24 /* Sources */,
				CD8F9D2B26E92A9D0058AE24 /* Frameworks */,
				CD8F9D2C26E92A9D0058AE24 /* CopyFiles */,
			);
			buildRules = (
			);
			dependencies = (
			);
			name = MarkdownChildren;
			packageProductDependencies = (
				CD8F9D3926E92AF60058AE24 /* ArgumentParser */,
				CD8FACF326ED0BC700DF88DA /* MarkdownChildrenKit */,
			);
			productName = MarkdownChildren;
			productReference = CD8F9D2E26E92A9D0058AE24 /* MarkdownChildren */;
			productType = "com.apple.product-type.tool";
		};
/* End PBXNativeTarget section */

/* Begin PBXProject section */
		CD8F9D2626E92A9D0058AE24 /* Project object */ = {
			isa = PBXProject;
			attributes = {
				LastSwiftUpdateCheck = 1250;
				LastUpgradeCheck = 1250;
				TargetAttributes = {
					CD8F9D2D26E92A9D0058AE24 = {
						CreatedOnToolsVersion = 12.5.1;
					};
				};
			};
			buildConfigurationList = CD8F9D2926E92A9D0058AE24 /* Build configuration list for PBXProject "MarkdownChildren" */;
			compatibilityVersion = "Xcode 9.3";
			developmentRegion = en;
			hasScannedForEncodings = 0;
			knownRegions = (
				en,
				Base,
			);
			mainGroup = CD8F9D2526E92A9D0058AE24;
			packageReferences = (
				CD8F9D3826E92AF60058AE24 /* XCRemoteSwiftPackageReference "swift-argument-parser" */,
				CD8FACF226ED0BC700DF88DA /* XCRemoteSwiftPackageReference "MarkdownChildrenKit" */,
			);
			productRefGroup = CD8F9D2F26E92A9D0058AE24 /* Products */;
			projectDirPath = "";
			projectRoot = "";
			targets = (
				CD8F9D2D26E92A9D0058AE24 /* MarkdownChildren */,
			);
		};
/* End PBXProject section */

/* Begin PBXSourcesBuildPhase section */
		CD8F9D2A26E92A9D0058AE24 /* Sources */ = {
			isa = PBXSourcesBuildPhase;
			buildActionMask = 2147483647;
			files = (
				CD8F9D3226E92A9D0058AE24 /* main.swift in Sources */,
			);
			runOnlyForDeploymentPostprocessing = 0;
		};
/* End PBXSourcesBuildPhase section */

/* Begin XCBuildConfiguration section */
		CD8F9D3326E92A9D0058AE24 /* Debug */ = {
			isa = XCBuildConfiguration;
			buildSettings = {
				ALWAYS_SEARCH_USER_PATHS = NO;
				CLANG_ANALYZER_NONNULL = YES;
				CLANG_ANALYZER_NUMBER_OBJECT_CONVERSION = YES_AGGRESSIVE;
				CLANG_CXX_LANGUAGE_STANDARD = "gnu++14";
				CLANG_CXX_LIBRARY = "libc++";
				CLANG_ENABLE_MODULES = YES;
				CLANG_ENABLE_OBJC_ARC = YES;
				CLANG_ENABLE_OBJC_WEAK = YES;
				CLANG_WARN_BLOCK_CAPTURE_AUTORELEASING = YES;
				CLANG_WARN_BOOL_CONVERSION = YES;
				CLANG_WARN_COMMA = YES;
				CLANG_WARN_CONSTANT_CONVERSION = YES;
				CLANG_WARN_DEPRECATED_OBJC_IMPLEMENTATIONS = YES;
				CLANG_WARN_DIRECT_OBJC_ISA_USAGE = YES_ERROR;
				CLANG_WARN_DOCUMENTATION_COMMENTS = YES;
				CLANG_WARN_EMPTY_BODY = YES;
				CLANG_WARN_ENUM_CONVERSION = YES;
				CLANG_WARN_INFINITE_RECURSION = YES;
				CLANG_WARN_INT_CONVERSION = YES;
				CLANG_WARN_NON_LITERAL_NULL_CONVERSION = YES;
				CLANG_WARN_OBJC_IMPLICIT_RETAIN_SELF = YES;
				CLANG_WARN_OBJC_LITERAL_CONVERSION = YES;
				CLANG_WARN_OBJC_ROOT_CLASS = YES_ERROR;
				CLANG_WARN_QUOTED_INCLUDE_IN_FRAMEWORK_HEADER = YES;
				CLANG_WARN_RANGE_LOOP_ANALYSIS = YES;
				CLANG_WARN_STRICT_PROTOTYPES = YES;
				CLANG_WARN_SUSPICIOUS_MOVE = YES;
				CLANG_WARN_UNGUARDED_AVAILABILITY = YES_AGGRESSIVE;
				CLANG_WARN_UNREACHABLE_CODE = YES;
				CLANG_WARN__DUPLICATE_METHOD_MATCH = YES;
				COPY_PHASE_STRIP = NO;
				DEBUG_INFORMATION_FORMAT = dwarf;
				ENABLE_STRICT_OBJC_MSGSEND = YES;
				ENABLE_TESTABILITY = YES;
				GCC_C_LANGUAGE_STANDARD = gnu11;
				GCC_DYNAMIC_NO_PIC = NO;
				GCC_NO_COMMON_BLOCKS = YES;
				GCC_OPTIMIZATION_LEVEL = 0;
				GCC_PREPROCESSOR_DEFINITIONS = (
					"DEBUG=1",
					"$(inherited)",
				);
				GCC_WARN_64_TO_32_BIT_CONVERSION = YES;
				GCC_WARN_ABOUT_RETURN_TYPE = YES_ERROR;
				GCC_WARN_UNDECLARED_SELECTOR = YES;
				GCC_WARN_UNINITIALIZED_AUTOS = YES_AGGRESSIVE;
				GCC_WARN_UNUSED_FUNCTION = YES;
				GCC_WARN_UNUSED_VARIABLE = YES;
				MACOSX_DEPLOYMENT_TARGET = 11.3;
				MTL_ENABLE_DEBUG_INFO = INCLUDE_SOURCE;
				MTL_FAST_MATH = YES;
				ONLY_ACTIVE_ARCH = YES;
				SDKROOT = macosx;
				SWIFT_ACTIVE_COMPILATION_CONDITIONS = DEBUG;
				SWIFT_OPTIMIZATION_LEVEL = "-Onone";
			};
			name = Debug;
		};
		CD8F9D3426E92A9D0058AE24 /* Release */ = {
			isa = XCBuildConfiguration;
			buildSettings = {
				ALWAYS_SEARCH_USER_PATHS = NO;
				CLANG_ANALYZER_NONNULL = YES;
				CLANG_ANALYZER_NUMBER_OBJECT_CONVERSION = YES_AGGRESSIVE;
				CLANG_CXX_LANGUAGE_STANDARD = "gnu++14";
				CLANG_CXX_LIBRARY = "libc++";
				CLANG_ENABLE_MODULES = YES;
				CLANG_ENABLE_OBJC_ARC = YES;
				CLANG_ENABLE_OBJC_WEAK = YES;
				CLANG_WARN_BLOCK_CAPTURE_AUTORELEASING = YES;
				CLANG_WARN_BOOL_CONVERSION = YES;
				CLANG_WARN_COMMA = YES;
				CLANG_WARN_CONSTANT_CONVERSION = YES;
				CLANG_WARN_DEPRECATED_OBJC_IMPLEMENTATIONS = YES;
				CLANG_WARN_DIRECT_OBJC_ISA_USAGE = YES_ERROR;
				CLANG_WARN_DOCUMENTATION_COMMENTS = YES;
				CLANG_WARN_EMPTY_BODY = YES;
				CLANG_WARN_ENUM_CONVERSION = YES;
				CLANG_WARN_INFINITE_RECURSION = YES;
				CLANG_WARN_INT_CONVERSION = YES;
				CLANG_WARN_NON_LITERAL_NULL_CONVERSION = YES;
				CLANG_WARN_OBJC_IMPLICIT_RETAIN_SELF = YES;
				CLANG_WARN_OBJC_LITERAL_CONVERSION = YES;
				CLANG_WARN_OBJC_ROOT_CLASS = YES_ERROR;
				CLANG_WARN_QUOTED_INCLUDE_IN_FRAMEWORK_HEADER = YES;
				CLANG_WARN_RANGE_LOOP_ANALYSIS = YES;
				CLANG_WARN_STRICT_PROTOTYPES = YES;
				CLANG_WARN_SUSPICIOUS_MOVE = YES;
				CLANG_WARN_UNGUARDED_AVAILABILITY = YES_AGGRESSIVE;
				CLANG_WARN_UNREACHABLE_CODE = YES;
				CLANG_WARN__DUPLICATE_METHOD_MATCH = YES;
				COPY_PHASE_STRIP = NO;
				DEBUG_INFORMATION_FORMAT = "dwarf-with-dsym";
				ENABLE_NS_ASSERTIONS = NO;
				ENABLE_STRICT_OBJC_MSGSEND = YES;
				GCC_C_LANGUAGE_STANDARD = gnu11;
				GCC_NO_COMMON_BLOCKS = YES;
				GCC_WARN_64_TO_32_BIT_CONVERSION = YES;
				GCC_WARN_ABOUT_RETURN_TYPE = YES_ERROR;
				GCC_WARN_UNDECLARED_SELECTOR = YES;
				GCC_WARN_UNINITIALIZED_AUTOS = YES_AGGRESSIVE;
				GCC_WARN_UNUSED_FUNCTION = YES;
				GCC_WARN_UNUSED_VARIABLE = YES;
				MACOSX_DEPLOYMENT_TARGET = 11.3;
				MTL_ENABLE_DEBUG_INFO = NO;
				MTL_FAST_MATH = YES;
				SDKROOT = macosx;
				SWIFT_COMPILATION_MODE = wholemodule;
				SWIFT_OPTIMIZATION_LEVEL = "-O";
			};
			name = Release;
		};
		CD8F9D3626E92A9D0058AE24 /* Debug */ = {
			isa = XCBuildConfiguration;
			buildSettings = {
				CODE_SIGN_STYLE = Manual;
				DEVELOPMENT_TEAM = "";
				PRODUCT_NAME = "$(TARGET_NAME)";
				PROVISIONING_PROFILE_SPECIFIER = "";
				SWIFT_VERSION = 5.0;
			};
			name = Debug;
		};
		CD8F9D3726E92A9D0058AE24 /* Release */ = {
			isa = XCBuildConfiguration;
			buildSettings = {
				CODE_SIGN_STYLE = Manual;
				DEVELOPMENT_TEAM = "";
				PRODUCT_NAME = "$(TARGET_NAME)";
				PROVISIONING_PROFILE_SPECIFIER = "";
				SWIFT_VERSION = 5.0;
			};
			name = Release;
		};
/* End XCBuildConfiguration section */

/* Begin XCConfigurationList section */
		CD8F9D2926E92A9D0058AE24 /* Build configuration list for PBXProject "MarkdownChildren" */ = {
			isa = XCConfigurationList;
			buildConfigurations = (
				CD8F9D3326E92A9D0058AE24 /* Debug */,
				CD8F9D3426E92A9D0058AE24 /* Release */,
			);
			defaultConfigurationIsVisible = 0;
			defaultConfigurationName = Release;
		};
		CD8F9D3526E92A9D0058AE24 /* Build configuration list for PBXNativeTarget "MarkdownChildren" */ = {
			isa = XCConfigurationList;
			buildConfigurations = (
				CD8F9D3626E92A9D0058AE24 /* Debug */,
				CD8F9D3726E92A9D0058AE24 /* Release */,
			);
			defaultConfigurationIsVisible = 0;
			defaultConfigurationName = Release;
		};
/* End XCConfigurationList section */

/* Begin XCRemoteSwiftPackageReference section */
		CD8F9D3826E92AF60058AE24 /* XCRemoteSwiftPackageReference "swift-argument-parser" */ = {
			isa = XCRemoteSwiftPackageReference;
			repositoryURL = "https://github.com/apple/swift-argument-parser";
			requirement = {
				kind = upToNextMinorVersion;
				minimumVersion = 0.5.0;
			};
		};
		CD8FACF226ED0BC700DF88DA /* XCRemoteSwiftPackageReference "MarkdownChildrenKit" */ = {
			isa = XCRemoteSwiftPackageReference;
			repositoryURL = "https://github.com/patrickbdev/MarkdownChildrenKit";
			requirement = {
				kind = upToNextMajorVersion;
				minimumVersion = 1.0.1;
			};
		};
/* End XCRemoteSwiftPackageReference section */

/* Begin XCSwiftPackageProductDependency section */
		CD8F9D3926E92AF60058AE24 /* ArgumentParser */ = {
			isa = XCSwiftPackageProductDependency;
			package = CD8F9D3826E92AF60058AE24 /* XCRemoteSwiftPackageReference "swift-argument-parser" */;
			productName = ArgumentParser;
		};
		CD8FACF326ED0BC700DF88DA /* MarkdownChildrenKit */ = {
			isa = XCSwiftPackageProductDependency;
			package = CD8FACF226ED0BC700DF88DA /* XCRemoteSwiftPackageReference "MarkdownChildrenKit" */;
			productName = MarkdownChildrenKit;
		};
/* End XCSwiftPackageProductDependency section */
	};
	rootObject = CD8F9D2626E92A9D0058AE24 /* Project object */;
}
